// !$*UTF8*$!
{
	archiveVersion = 1;
	classes = {
	};
	objectVersion = 56;
	objects = {

/* Begin PBXBuildFile section */
		360AFE9129F16ABB00800868 /* DoggyPhotosApp.swift in Sources */ = {isa = PBXBuildFile; fileRef = 360AFE9029F16ABB00800868 /* DoggyPhotosApp.swift */; };
		360AFE9529F16AC100800868 /* Assets.xcassets in Resources */ = {isa = PBXBuildFile; fileRef = 360AFE9429F16AC100800868 /* Assets.xcassets */; };
		360AFE9829F16AC100800868 /* Preview Assets.xcassets in Resources */ = {isa = PBXBuildFile; fileRef = 360AFE9729F16AC100800868 /* Preview Assets.xcassets */; };
		360AFE9F29F16AEA00800868 /* DoggyView.swift in Sources */ = {isa = PBXBuildFile; fileRef = 360AFE9E29F16AEA00800868 /* DoggyView.swift */; };
		36B4850D29F17455009477FD /* Doggy.swift in Sources */ = {isa = PBXBuildFile; fileRef = 36B4850C29F17455009477FD /* Doggy.swift */; };
		36B4851029F17917009477FD /* NetworkServices in Sources */ = {isa = PBXBuildFile; fileRef = 36B4850F29F17917009477FD /* NetworkServices */; };
		36B4851629F17D21009477FD /* RemoteImageView.swift in Sources */ = {isa = PBXBuildFile; fileRef = 36B4851529F17D21009477FD /* RemoteImageView.swift */; };
/* End PBXBuildFile section */

/* Begin PBXFileReference section */
		360AFE8D29F16ABB00800868 /* DoggyPhotos.app */ = {isa = PBXFileReference; explicitFileType = wrapper.application; includeInIndex = 0; path = DoggyPhotos.app; sourceTree = BUILT_PRODUCTS_DIR; };
		360AFE9029F16ABB00800868 /* DoggyPhotosApp.swift */ = {isa = PBXFileReference; lastKnownFileType = sourcecode.swift; path = DoggyPhotosApp.swift; sourceTree = "<group>"; };
		360AFE9429F16AC100800868 /* Assets.xcassets */ = {isa = PBXFileReference; lastKnownFileType = folder.assetcatalog; path = Assets.xcassets; sourceTree = "<group>"; };
		360AFE9729F16AC100800868 /* Preview Assets.xcassets */ = {isa = PBXFileReference; lastKnownFileType = folder.assetcatalog; path = "Preview Assets.xcassets"; sourceTree = "<group>"; };
		360AFE9E29F16AEA00800868 /* DoggyView.swift */ = {isa = PBXFileReference; lastKnownFileType = sourcecode.swift; path = DoggyView.swift; sourceTree = "<group>"; };
		36B4850C29F17455009477FD /* Doggy.swift */ = {isa = PBXFileReference; lastKnownFileType = sourcecode.swift; path = Doggy.swift; sourceTree = "<group>"; };
		36B4850F29F17917009477FD /* NetworkServices */ = {isa = PBXFileReference; lastKnownFileType = text; path = NetworkServices; sourceTree = "<group>"; };
		36B4851529F17D21009477FD /* RemoteImageView.swift */ = {isa = PBXFileReference; lastKnownFileType = sourcecode.swift; path = RemoteImageView.swift; sourceTree = "<group>"; };
/* End PBXFileReference section */

/* Begin PBXFrameworksBuildPhase section */
		360AFE8A29F16ABB00800868 /* Frameworks */ = {
			isa = PBXFrameworksBuildPhase;
			buildActionMask = 2147483647;
			files = (
			);
			runOnlyForDeploymentPostprocessing = 0;
		};
/* End PBXFrameworksBuildPhase section */

/* Begin PBXGroup section */
		360AFE8429F16ABB00800868 = {
			isa = PBXGroup;
			children = (
				360AFE8F29F16ABB00800868 /* DoggyPhotos */,
				360AFE8E29F16ABB00800868 /* Products */,
			);
			sourceTree = "<group>";
		};
		360AFE8E29F16ABB00800868 /* Products */ = {
			isa = PBXGroup;
			children = (
				360AFE8D29F16ABB00800868 /* DoggyPhotos.app */,
			);
			name = Products;
			sourceTree = "<group>";
		};
		360AFE8F29F16ABB00800868 /* DoggyPhotos */ = {
			isa = PBXGroup;
			children = (
				360AFE9029F16ABB00800868 /* DoggyPhotosApp.swift */,
				360AFEA029F16B7900800868 /* Views */,
				360AFE9429F16AC100800868 /* Assets.xcassets */,
				360AFE9629F16AC100800868 /* Preview Content */,
			);
			path = DoggyPhotos;
			sourceTree = "<group>";
		};
		360AFE9629F16AC100800868 /* Preview Content */ = {
			isa = PBXGroup;
			children = (
				360AFE9729F16AC100800868 /* Preview Assets.xcassets */,
			);
			path = "Preview Content";
			sourceTree = "<group>";
		};
		360AFEA029F16B7900800868 /* Views */ = {
			isa = PBXGroup;
			children = (
				360AFE9E29F16AEA00800868 /* DoggyView.swift */,
				36B4851829F21B44009477FD /* Helpers */,
				36B4850E29F17476009477FD /* Model */,
			);
			path = Views;
			sourceTree = "<group>";
		};
		36B4850E29F17476009477FD /* Model */ = {
			isa = PBXGroup;
			children = (
				36B4850C29F17455009477FD /* Doggy.swift */,
				36B4851729F17D36009477FD /* Data */,
			);
			path = Model;
			sourceTree = "<group>";
		};
		36B4851729F17D36009477FD /* Data */ = {
			isa = PBXGroup;
			children = (
				36B4850F29F17917009477FD /* NetworkServices */,
			);
			path = Data;
			sourceTree = "<group>";
		};
		36B4851829F21B44009477FD /* Helpers */ = {
			isa = PBXGroup;
			children = (
				36B4851529F17D21009477FD /* RemoteImageView.swift */,
			);
			path = Helpers;
			sourceTree = "<group>";
		};
/* End PBXGroup section */

/* Begin PBXNativeTarget section */
		360AFE8C29F16ABB00800868 /* DoggyPhotos */ = {
			isa = PBXNativeTarget;
			buildConfigurationList = 360AFE9B29F16AC100800868 /* Build configuration list for PBXNativeTarget "DoggyPhotos" */;
			buildPhases = (
				360AFE8929F16ABB00800868 /* Sources */,
				360AFE8A29F16ABB00800868 /* Frameworks */,
				360AFE8B29F16ABB00800868 /* Resources */,
			);
			buildRules = (
			);
			dependencies = (
			);
			name = DoggyPhotos;
			productName = DoggyPhotos;
			productReference = 360AFE8D29F16ABB00800868 /* DoggyPhotos.app */;
			productType = "com.apple.product-type.application";
		};
/* End PBXNativeTarget section */

/* Begin PBXProject section */
		360AFE8529F16ABB00800868 /* Project object */ = {
			isa = PBXProject;
			attributes = {
				BuildIndependentTargetsInParallel = 1;
				LastSwiftUpdateCheck = 1430;
				LastUpgradeCheck = 1430;
				TargetAttributes = {
					360AFE8C29F16ABB00800868 = {
						CreatedOnToolsVersion = 14.3;
					};
				};
			};
			buildConfigurationList = 360AFE8829F16ABB00800868 /* Build configuration list for PBXProject "DoggyPhotos" */;
			compatibilityVersion = "Xcode 14.0";
			developmentRegion = en;
			hasScannedForEncodings = 0;
			knownRegions = (
				en,
				Base,
			);
			mainGroup = 360AFE8429F16ABB00800868;
			productRefGroup = 360AFE8E29F16ABB00800868 /* Products */;
			projectDirPath = "";
			projectRoot = "";
			targets = (
				360AFE8C29F16ABB00800868 /* DoggyPhotos */,
			);
		};
/* End PBXProject section */

/* Begin PBXResourcesBuildPhase section */
		360AFE8B29F16ABB00800868 /* Resources */ = {
			isa = PBXResourcesBuildPhase;
			buildActionMask = 2147483647;
			files = (
				360AFE9829F16AC100800868 /* Preview Assets.xcassets in Resources */,
				360AFE9529F16AC100800868 /* Assets.xcassets in Resources */,
			);
			runOnlyForDeploymentPostprocessing = 0;
		};
/* End PBXResourcesBuildPhase section */

/* Begin PBXSourcesBuildPhase section */
		360AFE8929F16ABB00800868 /* Sources */ = {
			isa = PBXSourcesBuildPhase;
			buildActionMask = 2147483647;
			files = (
				360AFE9129F16ABB00800868 /* DoggyPhotosApp.swift in Sources */,
				360AFE9F29F16AEA00800868 /* DoggyView.swift in Sources */,
				36B4851029F17917009477FD /* NetworkServices in Sources */,
				36B4851629F17D21009477FD /* RemoteImageView.swift in Sources */,
				36B4850D29F17455009477FD /* Doggy.swift in Sources */,
			);
			runOnlyForDeploymentPostprocessing = 0;
		};
/* End PBXSourcesBuildPhase section */

/* Begin XCBuildConfiguration section */
		360AFE9929F16AC100800868 /* Debug */ = {
			isa = XCBuildConfiguration;
			buildSettings = {
				ALWAYS_SEARCH_USER_PATHS = NO;
				CLANG_ANALYZER_NONNULL = YES;
				CLANG_ANALYZER_NUMBER_OBJECT_CONVERSION = YES_AGGRESSIVE;
				CLANG_CXX_LANGUAGE_STANDARD = "gnu++20";
				CLANG_ENABLE_MODULES = YES;
				CLANG_ENABLE_OBJC_ARC = YES;
				CLANG_ENABLE_OBJC_WEAK = YES;
				CLANG_WARN_BLOCK_CAPTURE_AUTORELEASING = YES;
				CLANG_WARN_BOOL_CONVERSION = YES;
				CLANG_WARN_COMMA = YES;
				CLANG_WARN_CONSTANT_CONVERSION = YES;
				CLANG_WARN_DEPRECATED_OBJC_IMPLEMENTATIONS = YES;
				CLANG_WARN_DIRECT_OBJC_ISA_USAGE = YES_ERROR;
				CLANG_WARN_DOCUMENTATION_COMMENTS = YES;
				CLANG_WARN_EMPTY_BODY = YES;
				CLANG_WARN_ENUM_CONVERSION = YES;
				CLANG_WARN_INFINITE_RECURSION = YES;
				CLANG_WARN_INT_CONVERSION = YES;
				CLANG_WARN_NON_LITERAL_NULL_CONVERSION = YES;
				CLANG_WARN_OBJC_IMPLICIT_RETAIN_SELF = YES;
				CLANG_WARN_OBJC_LITERAL_CONVERSION = YES;
				CLANG_WARN_OBJC_ROOT_CLASS = YES_ERROR;
				CLANG_WARN_QUOTED_INCLUDE_IN_FRAMEWORK_HEADER = YES;
				CLANG_WARN_RANGE_LOOP_ANALYSIS = YES;
				CLANG_WARN_STRICT_PROTOTYPES = YES;
				CLANG_WARN_SUSPICIOUS_MOVE = YES;
				CLANG_WARN_UNGUARDED_AVAILABILITY = YES_AGGRESSIVE;
				CLANG_WARN_UNREACHABLE_CODE = YES;
				CLANG_WARN__DUPLICATE_METHOD_MATCH = YES;
				COPY_PHASE_STRIP = NO;
				DEBUG_INFORMATION_FORMAT = dwarf;
				ENABLE_STRICT_OBJC_MSGSEND = YES;
				ENABLE_TESTABILITY = YES;
				GCC_C_LANGUAGE_STANDARD = gnu11;
				GCC_DYNAMIC_NO_PIC = NO;
				GCC_NO_COMMON_BLOCKS = YES;
				GCC_OPTIMIZATION_LEVEL = 0;
				GCC_PREPROCESSOR_DEFINITIONS = (
					"DEBUG=1",
					"$(inherited)",
				);
				GCC_WARN_64_TO_32_BIT_CONVERSION = YES;
				GCC_WARN_ABOUT_RETURN_TYPE = YES_ERROR;
				GCC_WARN_UNDECLARED_SELECTOR = YES;
				GCC_WARN_UNINITIALIZED_AUTOS = YES_AGGRESSIVE;
				GCC_WARN_UNUSED_FUNCTION = YES;
				GCC_WARN_UNUSED_VARIABLE = YES;
				IPHONEOS_DEPLOYMENT_TARGET = 16.4;
				MTL_ENABLE_DEBUG_INFO = INCLUDE_SOURCE;
				MTL_FAST_MATH = YES;
				ONLY_ACTIVE_ARCH = YES;
				SDKROOT = iphoneos;
				SWIFT_ACTIVE_COMPILATION_CONDITIONS = DEBUG;
				SWIFT_OPTIMIZATION_LEVEL = "-Onone";
			};
			name = Debug;
		};
		360AFE9A29F16AC100800868 /* Release */ = {
			isa = XCBuildConfiguration;
			buildSettings = {
				ALWAYS_SEARCH_USER_PATHS = NO;
				CLANG_ANALYZER_NONNULL = YES;
				CLANG_ANALYZER_NUMBER_OBJECT_CONVERSION = YES_AGGRESSIVE;
				CLANG_CXX_LANGUAGE_STANDARD = "gnu++20";
				CLANG_ENABLE_MODULES = YES;
				CLANG_ENABLE_OBJC_ARC = YES;
				CLANG_ENABLE_OBJC_WEAK = YES;
				CLANG_WARN_BLOCK_CAPTURE_AUTORELEASING = YES;
				CLANG_WARN_BOOL_CONVERSION = YES;
				CLANG_WARN_COMMA = YES;
				CLANG_WARN_CONSTANT_CONVERSION = YES;
				CLANG_WARN_DEPRECATED_OBJC_IMPLEMENTATIONS = YES;
				CLANG_WARN_DIRECT_OBJC_ISA_USAGE = YES_ERROR;
				CLANG_WARN_DOCUMENTATION_COMMENTS = YES;
				CLANG_WARN_EMPTY_BODY = YES;
				CLANG_WARN_ENUM_CONVERSION = YES;
				CLANG_WARN_INFINITE_RECURSION = YES;
				CLANG_WARN_INT_CONVERSION = YES;
				CLANG_WARN_NON_LITERAL_NULL_CONVERSION = YES;
				CLANG_WARN_OBJC_IMPLICIT_RETAIN_SELF = YES;
				CLANG_WARN_OBJC_LITERAL_CONVERSION = YES;
				CLANG_WARN_OBJC_ROOT_CLASS = YES_ERROR;
				CLANG_WARN_QUOTED_INCLUDE_IN_FRAMEWORK_HEADER = YES;
				CLANG_WARN_RANGE_LOOP_ANALYSIS = YES;
				CLANG_WARN_STRICT_PROTOTYPES = YES;
				CLANG_WARN_SUSPICIOUS_MOVE = YES;
				CLANG_WARN_UNGUARDED_AVAILABILITY = YES_AGGRESSIVE;
				CLANG_WARN_UNREACHABLE_CODE = YES;
				CLANG_WARN__DUPLICATE_METHOD_MATCH = YES;
				COPY_PHASE_STRIP = NO;
				DEBUG_INFORMATION_FORMAT = "dwarf-with-dsym";
				ENABLE_NS_ASSERTIONS = NO;
				ENABLE_STRICT_OBJC_MSGSEND = YES;
				GCC_C_LANGUAGE_STANDARD = gnu11;
				GCC_NO_COMMON_BLOCKS = YES;
				GCC_WARN_64_TO_32_BIT_CONVERSION = YES;
				GCC_WARN_ABOUT_RETURN_TYPE = YES_ERROR;
				GCC_WARN_UNDECLARED_SELECTOR = YES;
				GCC_WARN_UNINITIALIZED_AUTOS = YES_AGGRESSIVE;
				GCC_WARN_UNUSED_FUNCTION = YES;
				GCC_WARN_UNUSED_VARIABLE = YES;
				IPHONEOS_DEPLOYMENT_TARGET = 16.4;
				MTL_ENABLE_DEBUG_INFO = NO;
				MTL_FAST_MATH = YES;
				SDKROOT = iphoneos;
				SWIFT_COMPILATION_MODE = wholemodule;
				SWIFT_OPTIMIZATION_LEVEL = "-O";
				VALIDATE_PRODUCT = YES;
			};
			name = Release;
		};
		360AFE9C29F16AC100800868 /* Debug */ = {
			isa = XCBuildConfiguration;
			buildSettings = {
				ASSETCATALOG_COMPILER_APPICON_NAME = AppIcon;
				ASSETCATALOG_COMPILER_GLOBAL_ACCENT_COLOR_NAME = AccentColor;
				CODE_SIGN_STYLE = Automatic;
				CURRENT_PROJECT_VERSION = 1;
				DEVELOPMENT_ASSET_PATHS = "\"DoggyPhotos/Preview Content\"";
				DEVELOPMENT_TEAM = 7PSCDAF9UL;
				ENABLE_PREVIEWS = YES;
				GENERATE_INFOPLIST_FILE = YES;
				INFOPLIST_KEY_UIApplicationSceneManifest_Generation = YES;
				INFOPLIST_KEY_UIApplicationSupportsIndirectInputEvents = YES;
				INFOPLIST_KEY_UILaunchScreen_Generation = YES;
				INFOPLIST_KEY_UISupportedInterfaceOrientations_iPad = "UIInterfaceOrientationPortrait UIInterfaceOrientationPortraitUpsideDown UIInterfaceOrientationLandscapeLeft UIInterfaceOrientationLandscapeRight";
				INFOPLIST_KEY_UISupportedInterfaceOrientations_iPhone = "UIInterfaceOrientationPortrait UIInterfaceOrientationLandscapeLeft UIInterfaceOrientationLandscapeRight";
				LD_RUNPATH_SEARCH_PATHS = (
					"$(inherited)",
					"@executable_path/Frameworks",
				);
				MARKETING_VERSION = 1.0;
				PRODUCT_BUNDLE_IDENTIFIER = ca.cooperlawson.DoggyPhotos;
				PRODUCT_NAME = "$(TARGET_NAME)";
				SWIFT_EMIT_LOC_STRINGS = YES;
				SWIFT_VERSION = 5.0;
				TARGETED_DEVICE_FAMILY = "1,2";
			};
			name = Debug;
		};
		360AFE9D29F16AC100800868 /* Release */ = {
			isa = XCBuildConfiguration;
			buildSettings = {
				ASSETCATALOG_COMPILER_APPICON_NAME = AppIcon;
				ASSETCATALOG_COMPILER_GLOBAL_ACCENT_COLOR_NAME = AccentColor;
				CODE_SIGN_STYLE = Automatic;
				CURRENT_PROJECT_VERSION = 1;
				DEVELOPMENT_ASSET_PATHS = "\"DoggyPhotos/Preview Content\"";
				DEVELOPMENT_TEAM = 7PSCDAF9UL;
				ENABLE_PREVIEWS = YES;
				GENERATE_INFOPLIST_FILE = YES;
				INFOPLIST_KEY_UIApplicationSceneManifest_Generation = YES;
				INFOPLIST_KEY_UIApplicationSupportsIndirectInputEvents = YES;
				INFOPLIST_KEY_UILaunchScreen_Generation = YES;
				INFOPLIST_KEY_UISupportedInterfaceOrientations_iPad = "UIInterfaceOrientationPortrait UIInterfaceOrientationPortraitUpsideDown UIInterfaceOrientationLandscapeLeft UIInterfaceOrientationLandscapeRight";
				INFOPLIST_KEY_UISupportedInterfaceOrientations_iPhone = "UIInterfaceOrientationPortrait UIInterfaceOrientationLandscapeLeft UIInterfaceOrientationLandscapeRight";
				LD_RUNPATH_SEARCH_PATHS = (
					"$(inherited)",
					"@executable_path/Frameworks",
				);
				MARKETING_VERSION = 1.0;
				PRODUCT_BUNDLE_IDENTIFIER = ca.cooperlawson.DoggyPhotos;
				PRODUCT_NAME = "$(TARGET_NAME)";
				SWIFT_EMIT_LOC_STRINGS = YES;
				SWIFT_VERSION = 5.0;
				TARGETED_DEVICE_FAMILY = "1,2";
			};
			name = Release;
		};
/* End XCBuildConfiguration section */

/* Begin XCConfigurationList section */
		360AFE8829F16ABB00800868 /* Build configuration list for PBXProject "DoggyPhotos" */ = {
			isa = XCConfigurationList;
			buildConfigurations = (
				360AFE9929F16AC100800868 /* Debug */,
				360AFE9A29F16AC100800868 /* Release */,
			);
			defaultConfigurationIsVisible = 0;
			defaultConfigurationName = Release;
		};
		360AFE9B29F16AC100800868 /* Build configuration list for PBXNativeTarget "DoggyPhotos" */ = {
			isa = XCConfigurationList;
			buildConfigurations = (
				360AFE9C29F16AC100800868 /* Debug */,
				360AFE9D29F16AC100800868 /* Release */,
			);
			defaultConfigurationIsVisible = 0;
			defaultConfigurationName = Release;
		};
/* End XCConfigurationList section */
	};
	rootObject = 360AFE8529F16ABB00800868 /* Project object */;
}
